
Microsoft Visual Studio Solution File, Format Version 12.00
# Visual Studio Version 17
VisualStudioVersion = 17.0.31919.166
MinimumVisualStudioVersion = 10.0.40219.1
Project("{FAE04EC0-301F-11D3-BF4B-00C04F79EFBC}") = "theScoreAPI", "theScoreAPI\theScoreAPI.csproj", "{C65A4E20-35F0-4EB1-80FE-BE4C7BC5635C}"
EndProject
Global
	GlobalSection(SolutionConfigurationPlatforms) = preSolution
		Debug|Any CPU = Debug|Any CPU
		Release|Any CPU = Release|Any CPU
	EndGlobalSection
	GlobalSection(ProjectConfigurationPlatforms) = postSolution
		{C65A4E20-35F0-4EB1-80FE-BE4C7BC5635C}.Debug|Any CPU.ActiveCfg = Debug|Any CPU
		{C65A4E20-35F0-4EB1-80FE-BE4C7BC5635C}.Debug|Any CPU.Build.0 = Debug|Any CPU
		{C65A4E20-35F0-4EB1-80FE-BE4C7BC5635C}.Release|Any CPU.ActiveCfg = Release|Any CPU
		{C65A4E20-35F0-4EB1-80FE-BE4C7BC5635C}.Release|Any CPU.Build.0 = Release|Any CPU
	EndGlobalSection
	GlobalSection(SolutionProperties) = preSolution
		HideSolutionNode = FALSE
	EndGlobalSection
	GlobalSection(ExtensibilityGlobals) = postSolution
		SolutionGuid = {4C0DE16E-DA91-4AA8-A0AE-567D500DFBEC}
	EndGlobalSection
EndGlobal
